
Microsoft Visual Studio Solution File, Format Version 12.00
# Visual Studio Version 17
VisualStudioVersion = 17.0.31903.59
MinimumVisualStudioVersion = 10.0.40219.1
Project("{9A19103F-16F7-4668-BE54-9A1E7A4F7556}") = "NetMsixUpdaterFormsComponent", "NetMsixUpdaterFormsComponent\NetMsixUpdaterFormsComponent.csproj", "{24161D81-D26D-4C70-B5A3-AA252B5A34FA}"
EndProject
Project("{FAE04EC0-301F-11D3-BF4B-00C04F79EFBC}") = "NetMsixUpdaterFormsComponent.Sample", "NetMsixUpdaterFormsComponent.Sample\NetMsixUpdaterFormsComponent.Sample.csproj", "{1B21CAAC-327A-4680-B1AC-621D330E3796}"
EndProject
Global
	GlobalSection(SolutionConfigurationPlatforms) = preSolution
		Debug|Any CPU = Debug|Any CPU
		Debug|x64 = Debug|x64
		Debug|x86 = Debug|x86
		Release|Any CPU = Release|Any CPU
		Release|x64 = Release|x64
		Release|x86 = Release|x86
	EndGlobalSection
	GlobalSection(ProjectConfigurationPlatforms) = postSolution
		{24161D81-D26D-4C70-B5A3-AA252B5A34FA}.Debug|Any CPU.ActiveCfg = Debug|Any CPU
		{24161D81-D26D-4C70-B5A3-AA252B5A34FA}.Debug|Any CPU.Build.0 = Debug|Any CPU
		{24161D81-D26D-4C70-B5A3-AA252B5A34FA}.Debug|x64.ActiveCfg = Debug|Any CPU
		{24161D81-D26D-4C70-B5A3-AA252B5A34FA}.Debug|x64.Build.0 = Debug|Any CPU
		{24161D81-D26D-4C70-B5A3-AA252B5A34FA}.Debug|x86.ActiveCfg = Debug|Any CPU
		{24161D81-D26D-4C70-B5A3-AA252B5A34FA}.Debug|x86.Build.0 = Debug|Any CPU
		{24161D81-D26D-4C70-B5A3-AA252B5A34FA}.Release|Any CPU.ActiveCfg = Release|Any CPU
		{24161D81-D26D-4C70-B5A3-AA252B5A34FA}.Release|Any CPU.Build.0 = Release|Any CPU
		{24161D81-D26D-4C70-B5A3-AA252B5A34FA}.Release|x64.ActiveCfg = Release|Any CPU
		{24161D81-D26D-4C70-B5A3-AA252B5A34FA}.Release|x64.Build.0 = Release|Any CPU
		{24161D81-D26D-4C70-B5A3-AA252B5A34FA}.Release|x86.ActiveCfg = Release|Any CPU
		{24161D81-D26D-4C70-B5A3-AA252B5A34FA}.Release|x86.Build.0 = Release|Any CPU
		{1B21CAAC-327A-4680-B1AC-621D330E3796}.Debug|Any CPU.ActiveCfg = Debug|Any CPU
		{1B21CAAC-327A-4680-B1AC-621D330E3796}.Debug|Any CPU.Build.0 = Debug|Any CPU
		{1B21CAAC-327A-4680-B1AC-621D330E3796}.Debug|x64.ActiveCfg = Debug|Any CPU
		{1B21CAAC-327A-4680-B1AC-621D330E3796}.Debug|x64.Build.0 = Debug|Any CPU
		{1B21CAAC-327A-4680-B1AC-621D330E3796}.Debug|x86.ActiveCfg = Debug|Any CPU
		{1B21CAAC-327A-4680-B1AC-621D330E3796}.Debug|x86.Build.0 = Debug|Any CPU
		{1B21CAAC-327A-4680-B1AC-621D330E3796}.Release|Any CPU.ActiveCfg = Release|Any CPU
		{1B21CAAC-327A-4680-B1AC-621D330E3796}.Release|Any CPU.Build.0 = Release|Any CPU
		{1B21CAAC-327A-4680-B1AC-621D330E3796}.Release|x64.ActiveCfg = Release|Any CPU
		{1B21CAAC-327A-4680-B1AC-621D330E3796}.Release|x64.Build.0 = Release|Any CPU
		{1B21CAAC-327A-4680-B1AC-621D330E3796}.Release|x86.ActiveCfg = Release|Any CPU
		{1B21CAAC-327A-4680-B1AC-621D330E3796}.Release|x86.Build.0 = Release|Any CPU
	EndGlobalSection
	GlobalSection(SolutionProperties) = preSolution
		HideSolutionNode = FALSE
	EndGlobalSection
	GlobalSection(ExtensibilityGlobals) = postSolution
		SolutionGuid = {9E5D51AF-DD49-4698-B1FE-9670FF1AEF69}
	EndGlobalSection
EndGlobal
